// !$*UTF8*$!
{
	archiveVersion = 1;
	classes = {
	};
	objectVersion = 56;
	objects = {

/* Begin PBXBuildFile section */
		477AD3172A9CBFA100524D86 /* MovieListApp.swift in Sources */ = {isa = PBXBuildFile; fileRef = 477AD3162A9CBFA100524D86 /* MovieListApp.swift */; };
		477AD3192A9CBFA100524D86 /* MovieListView.swift in Sources */ = {isa = PBXBuildFile; fileRef = 477AD3182A9CBFA100524D86 /* MovieListView.swift */; };
		477AD31B2A9CBFA300524D86 /* Assets.xcassets in Resources */ = {isa = PBXBuildFile; fileRef = 477AD31A2A9CBFA300524D86 /* Assets.xcassets */; };
		477AD31E2A9CBFA300524D86 /* Preview Assets.xcassets in Resources */ = {isa = PBXBuildFile; fileRef = 477AD31D2A9CBFA300524D86 /* Preview Assets.xcassets */; };
		477AD3282A9CBFA300524D86 /* MovieListTests.swift in Sources */ = {isa = PBXBuildFile; fileRef = 477AD3272A9CBFA300524D86 /* MovieListTests.swift */; };
		477AD3322A9CBFA300524D86 /* MovieListUITests.swift in Sources */ = {isa = PBXBuildFile; fileRef = 477AD3312A9CBFA300524D86 /* MovieListUITests.swift */; };
		477AD3342A9CBFA300524D86 /* MovieListUITestsLaunchTests.swift in Sources */ = {isa = PBXBuildFile; fileRef = 477AD3332A9CBFA300524D86 /* MovieListUITestsLaunchTests.swift */; };
		477AD3442A9CBFF300524D86 /* MovieDetailView.swift in Sources */ = {isa = PBXBuildFile; fileRef = 477AD3432A9CBFF300524D86 /* MovieDetailView.swift */; };
		477AD3462A9CC00300524D86 /* Movie.swift in Sources */ = {isa = PBXBuildFile; fileRef = 477AD3452A9CC00300524D86 /* Movie.swift */; };
		477AD3482A9CC00B00524D86 /* MoviesViewModel.swift in Sources */ = {isa = PBXBuildFile; fileRef = 477AD3472A9CC00B00524D86 /* MoviesViewModel.swift */; };
		477AD34A2A9CC81D00524D86 /* MoviePreviewView.swift in Sources */ = {isa = PBXBuildFile; fileRef = 477AD3492A9CC81D00524D86 /* MoviePreviewView.swift */; };
		477AD34C2A9CDD1B00524D86 /* TrailerWebView.swift in Sources */ = {isa = PBXBuildFile; fileRef = 477AD34B2A9CDD1B00524D86 /* TrailerWebView.swift */; };
		477AD3512A9CDF3500524D86 /* MainInformationsView.swift in Sources */ = {isa = PBXBuildFile; fileRef = 477AD3502A9CDF3500524D86 /* MainInformationsView.swift */; };
		477AD3532A9CDFBA00524D86 /* DescriptionView.swift in Sources */ = {isa = PBXBuildFile; fileRef = 477AD3522A9CDFBA00524D86 /* DescriptionView.swift */; };
		477AD3552A9CE03700524D86 /* DetailsView.swift in Sources */ = {isa = PBXBuildFile; fileRef = 477AD3542A9CE03700524D86 /* DetailsView.swift */; };
		477AD3582A9CE33F00524D86 /* Array.swift in Sources */ = {isa = PBXBuildFile; fileRef = 477AD3572A9CE33F00524D86 /* Array.swift */; };
/* End PBXBuildFile section */

/* Begin PBXContainerItemProxy section */
		477AD3242A9CBFA300524D86 /* PBXContainerItemProxy */ = {
			isa = PBXContainerItemProxy;
			containerPortal = 477AD30B2A9CBFA100524D86 /* Project object */;
			proxyType = 1;
			remoteGlobalIDString = 477AD3122A9CBFA100524D86;
			remoteInfo = MovieList;
		};
		477AD32E2A9CBFA300524D86 /* PBXContainerItemProxy */ = {
			isa = PBXContainerItemProxy;
			containerPortal = 477AD30B2A9CBFA100524D86 /* Project object */;
			proxyType = 1;
			remoteGlobalIDString = 477AD3122A9CBFA100524D86;
			remoteInfo = MovieList;
		};
/* End PBXContainerItemProxy section */

/* Begin PBXFileReference section */
		477AD3132A9CBFA100524D86 /* MovieList.app */ = {isa = PBXFileReference; explicitFileType = wrapper.application; includeInIndex = 0; path = MovieList.app; sourceTree = BUILT_PRODUCTS_DIR; };
		477AD3162A9CBFA100524D86 /* MovieListApp.swift */ = {isa = PBXFileReference; lastKnownFileType = sourcecode.swift; path = MovieListApp.swift; sourceTree = "<group>"; };
		477AD3182A9CBFA100524D86 /* MovieListView.swift */ = {isa = PBXFileReference; lastKnownFileType = sourcecode.swift; path = MovieListView.swift; sourceTree = "<group>"; };
		477AD31A2A9CBFA300524D86 /* Assets.xcassets */ = {isa = PBXFileReference; lastKnownFileType = folder.assetcatalog; path = Assets.xcassets; sourceTree = "<group>"; };
		477AD31D2A9CBFA300524D86 /* Preview Assets.xcassets */ = {isa = PBXFileReference; lastKnownFileType = folder.assetcatalog; path = "Preview Assets.xcassets"; sourceTree = "<group>"; };
		477AD3232A9CBFA300524D86 /* MovieListTests.xctest */ = {isa = PBXFileReference; explicitFileType = wrapper.cfbundle; includeInIndex = 0; path = MovieListTests.xctest; sourceTree = BUILT_PRODUCTS_DIR; };
		477AD3272A9CBFA300524D86 /* MovieListTests.swift */ = {isa = PBXFileReference; lastKnownFileType = sourcecode.swift; path = MovieListTests.swift; sourceTree = "<group>"; };
		477AD32D2A9CBFA300524D86 /* MovieListUITests.xctest */ = {isa = PBXFileReference; explicitFileType = wrapper.cfbundle; includeInIndex = 0; path = MovieListUITests.xctest; sourceTree = BUILT_PRODUCTS_DIR; };
		477AD3312A9CBFA300524D86 /* MovieListUITests.swift */ = {isa = PBXFileReference; lastKnownFileType = sourcecode.swift; path = MovieListUITests.swift; sourceTree = "<group>"; };
		477AD3332A9CBFA300524D86 /* MovieListUITestsLaunchTests.swift */ = {isa = PBXFileReference; lastKnownFileType = sourcecode.swift; path = MovieListUITestsLaunchTests.swift; sourceTree = "<group>"; };
		477AD3432A9CBFF300524D86 /* MovieDetailView.swift */ = {isa = PBXFileReference; lastKnownFileType = sourcecode.swift; path = MovieDetailView.swift; sourceTree = "<group>"; };
		477AD3452A9CC00300524D86 /* Movie.swift */ = {isa = PBXFileReference; lastKnownFileType = sourcecode.swift; path = Movie.swift; sourceTree = "<group>"; };
		477AD3472A9CC00B00524D86 /* MoviesViewModel.swift */ = {isa = PBXFileReference; lastKnownFileType = sourcecode.swift; path = MoviesViewModel.swift; sourceTree = "<group>"; };
		477AD3492A9CC81D00524D86 /* MoviePreviewView.swift */ = {isa = PBXFileReference; lastKnownFileType = sourcecode.swift; path = MoviePreviewView.swift; sourceTree = "<group>"; };
		477AD34B2A9CDD1B00524D86 /* TrailerWebView.swift */ = {isa = PBXFileReference; lastKnownFileType = sourcecode.swift; path = TrailerWebView.swift; sourceTree = "<group>"; };
		477AD3502A9CDF3500524D86 /* MainInformationsView.swift */ = {isa = PBXFileReference; lastKnownFileType = sourcecode.swift; path = MainInformationsView.swift; sourceTree = "<group>"; };
		477AD3522A9CDFBA00524D86 /* DescriptionView.swift */ = {isa = PBXFileReference; lastKnownFileType = sourcecode.swift; path = DescriptionView.swift; sourceTree = "<group>"; };
		477AD3542A9CE03700524D86 /* DetailsView.swift */ = {isa = PBXFileReference; lastKnownFileType = sourcecode.swift; path = DetailsView.swift; sourceTree = "<group>"; };
		477AD3572A9CE33F00524D86 /* Array.swift */ = {isa = PBXFileReference; lastKnownFileType = sourcecode.swift; path = Array.swift; sourceTree = "<group>"; };
/* End PBXFileReference section */

/* Begin PBXFrameworksBuildPhase section */
		477AD3102A9CBFA100524D86 /* Frameworks */ = {
			isa = PBXFrameworksBuildPhase;
			buildActionMask = 2147483647;
			files = (
			);
			runOnlyForDeploymentPostprocessing = 0;
		};
		477AD3202A9CBFA300524D86 /* Frameworks */ = {
			isa = PBXFrameworksBuildPhase;
			buildActionMask = 2147483647;
			files = (
			);
			runOnlyForDeploymentPostprocessing = 0;
		};
		477AD32A2A9CBFA300524D86 /* Frameworks */ = {
			isa = PBXFrameworksBuildPhase;
			buildActionMask = 2147483647;
			files = (
			);
			runOnlyForDeploymentPostprocessing = 0;
		};
/* End PBXFrameworksBuildPhase section */

/* Begin PBXGroup section */
		477AD30A2A9CBFA100524D86 = {
			isa = PBXGroup;
			children = (
				477AD3152A9CBFA100524D86 /* MovieList */,
				477AD3262A9CBFA300524D86 /* MovieListTests */,
				477AD3302A9CBFA300524D86 /* MovieListUITests */,
				477AD3142A9CBFA100524D86 /* Products */,
			);
			sourceTree = "<group>";
		};
		477AD3142A9CBFA100524D86 /* Products */ = {
			isa = PBXGroup;
			children = (
				477AD3132A9CBFA100524D86 /* MovieList.app */,
				477AD3232A9CBFA300524D86 /* MovieListTests.xctest */,
				477AD32D2A9CBFA300524D86 /* MovieListUITests.xctest */,
			);
			name = Products;
			sourceTree = "<group>";
		};
		477AD3152A9CBFA100524D86 /* MovieList */ = {
			isa = PBXGroup;
			children = (
				477AD3562A9CE32800524D86 /* Extensions */,
				477AD3422A9CBFC700524D86 /* ViewModels */,
				477AD3412A9CBFC200524D86 /* Models */,
				477AD3402A9CBFBC00524D86 /* Views */,
				477AD3162A9CBFA100524D86 /* MovieListApp.swift */,
				477AD31A2A9CBFA300524D86 /* Assets.xcassets */,
				477AD31C2A9CBFA300524D86 /* Preview Content */,
			);
			path = MovieList;
			sourceTree = "<group>";
		};
		477AD31C2A9CBFA300524D86 /* Preview Content */ = {
			isa = PBXGroup;
			children = (
				477AD31D2A9CBFA300524D86 /* Preview Assets.xcassets */,
			);
			path = "Preview Content";
			sourceTree = "<group>";
		};
		477AD3262A9CBFA300524D86 /* MovieListTests */ = {
			isa = PBXGroup;
			children = (
				477AD3272A9CBFA300524D86 /* MovieListTests.swift */,
			);
			path = MovieListTests;
			sourceTree = "<group>";
		};
		477AD3302A9CBFA300524D86 /* MovieListUITests */ = {
			isa = PBXGroup;
			children = (
				477AD3312A9CBFA300524D86 /* MovieListUITests.swift */,
				477AD3332A9CBFA300524D86 /* MovieListUITestsLaunchTests.swift */,
			);
			path = MovieListUITests;
			sourceTree = "<group>";
		};
		477AD3402A9CBFBC00524D86 /* Views */ = {
			isa = PBXGroup;
			children = (
				477AD3182A9CBFA100524D86 /* MovieListView.swift */,
				477AD34E2A9CDEC800524D86 /* Movie */,
			);
			path = Views;
			sourceTree = "<group>";
		};
		477AD3412A9CBFC200524D86 /* Models */ = {
			isa = PBXGroup;
			children = (
				477AD3452A9CC00300524D86 /* Movie.swift */,
			);
			path = Models;
			sourceTree = "<group>";
		};
		477AD3422A9CBFC700524D86 /* ViewModels */ = {
			isa = PBXGroup;
			children = (
				477AD3472A9CC00B00524D86 /* MoviesViewModel.swift */,
			);
			path = ViewModels;
			sourceTree = "<group>";
		};
		477AD34E2A9CDEC800524D86 /* Movie */ = {
			isa = PBXGroup;
			children = (
				477AD34F2A9CDF1900524D86 /* Detail */,
				477AD3432A9CBFF300524D86 /* MovieDetailView.swift */,
				477AD3492A9CC81D00524D86 /* MoviePreviewView.swift */,
				477AD34B2A9CDD1B00524D86 /* TrailerWebView.swift */,
			);
			path = Movie;
			sourceTree = "<group>";
		};
		477AD34F2A9CDF1900524D86 /* Detail */ = {
			isa = PBXGroup;
			children = (
				477AD3502A9CDF3500524D86 /* MainInformationsView.swift */,
				477AD3522A9CDFBA00524D86 /* DescriptionView.swift */,
				477AD3542A9CE03700524D86 /* DetailsView.swift */,
			);
			path = Detail;
			sourceTree = "<group>";
		};
		477AD3562A9CE32800524D86 /* Extensions */ = {
			isa = PBXGroup;
			children = (
				477AD3572A9CE33F00524D86 /* Array.swift */,
			);
			path = Extensions;
			sourceTree = "<group>";
		};
/* End PBXGroup section */

/* Begin PBXNativeTarget section */
		477AD3122A9CBFA100524D86 /* MovieList */ = {
			isa = PBXNativeTarget;
			buildConfigurationList = 477AD3372A9CBFA300524D86 /* Build configuration list for PBXNativeTarget "MovieList" */;
			buildPhases = (
				477AD30F2A9CBFA100524D86 /* Sources */,
				477AD3102A9CBFA100524D86 /* Frameworks */,
				477AD3112A9CBFA100524D86 /* Resources */,
			);
			buildRules = (
			);
			dependencies = (
			);
			name = MovieList;
			productName = MovieList;
			productReference = 477AD3132A9CBFA100524D86 /* MovieList.app */;
			productType = "com.apple.product-type.application";
		};
		477AD3222A9CBFA300524D86 /* MovieListTests */ = {
			isa = PBXNativeTarget;
			buildConfigurationList = 477AD33A2A9CBFA300524D86 /* Build configuration list for PBXNativeTarget "MovieListTests" */;
			buildPhases = (
				477AD31F2A9CBFA300524D86 /* Sources */,
				477AD3202A9CBFA300524D86 /* Frameworks */,
				477AD3212A9CBFA300524D86 /* Resources */,
			);
			buildRules = (
			);
			dependencies = (
				477AD3252A9CBFA300524D86 /* PBXTargetDependency */,
			);
			name = MovieListTests;
			productName = MovieListTests;
			productReference = 477AD3232A9CBFA300524D86 /* MovieListTests.xctest */;
			productType = "com.apple.product-type.bundle.unit-test";
		};
		477AD32C2A9CBFA300524D86 /* MovieListUITests */ = {
			isa = PBXNativeTarget;
			buildConfigurationList = 477AD33D2A9CBFA300524D86 /* Build configuration list for PBXNativeTarget "MovieListUITests" */;
			buildPhases = (
				477AD3292A9CBFA300524D86 /* Sources */,
				477AD32A2A9CBFA300524D86 /* Frameworks */,
				477AD32B2A9CBFA300524D86 /* Resources */,
			);
			buildRules = (
			);
			dependencies = (
				477AD32F2A9CBFA300524D86 /* PBXTargetDependency */,
			);
			name = MovieListUITests;
			productName = MovieListUITests;
			productReference = 477AD32D2A9CBFA300524D86 /* MovieListUITests.xctest */;
			productType = "com.apple.product-type.bundle.ui-testing";
		};
/* End PBXNativeTarget section */

/* Begin PBXProject section */
		477AD30B2A9CBFA100524D86 /* Project object */ = {
			isa = PBXProject;
			attributes = {
				BuildIndependentTargetsInParallel = 1;
				LastSwiftUpdateCheck = 1430;
				LastUpgradeCheck = 1430;
				TargetAttributes = {
					477AD3122A9CBFA100524D86 = {
						CreatedOnToolsVersion = 14.3.1;
					};
					477AD3222A9CBFA300524D86 = {
						CreatedOnToolsVersion = 14.3.1;
						TestTargetID = 477AD3122A9CBFA100524D86;
					};
					477AD32C2A9CBFA300524D86 = {
						CreatedOnToolsVersion = 14.3.1;
						TestTargetID = 477AD3122A9CBFA100524D86;
					};
				};
			};
			buildConfigurationList = 477AD30E2A9CBFA100524D86 /* Build configuration list for PBXProject "MovieList" */;
			compatibilityVersion = "Xcode 14.0";
			developmentRegion = en;
			hasScannedForEncodings = 0;
			knownRegions = (
				en,
				Base,
			);
			mainGroup = 477AD30A2A9CBFA100524D86;
			productRefGroup = 477AD3142A9CBFA100524D86 /* Products */;
			projectDirPath = "";
			projectRoot = "";
			targets = (
				477AD3122A9CBFA100524D86 /* MovieList */,
				477AD3222A9CBFA300524D86 /* MovieListTests */,
				477AD32C2A9CBFA300524D86 /* MovieListUITests */,
			);
		};
/* End PBXProject section */

/* Begin PBXResourcesBuildPhase section */
		477AD3112A9CBFA100524D86 /* Resources */ = {
			isa = PBXResourcesBuildPhase;
			buildActionMask = 2147483647;
			files = (
				477AD31E2A9CBFA300524D86 /* Preview Assets.xcassets in Resources */,
				477AD31B2A9CBFA300524D86 /* Assets.xcassets in Resources */,
			);
			runOnlyForDeploymentPostprocessing = 0;
		};
		477AD3212A9CBFA300524D86 /* Resources */ = {
			isa = PBXResourcesBuildPhase;
			buildActionMask = 2147483647;
			files = (
			);
			runOnlyForDeploymentPostprocessing = 0;
		};
		477AD32B2A9CBFA300524D86 /* Resources */ = {
			isa = PBXResourcesBuildPhase;
			buildActionMask = 2147483647;
			files = (
			);
			runOnlyForDeploymentPostprocessing = 0;
		};
/* End PBXResourcesBuildPhase section */

/* Begin PBXSourcesBuildPhase section */
		477AD30F2A9CBFA100524D86 /* Sources */ = {
			isa = PBXSourcesBuildPhase;
			buildActionMask = 2147483647;
			files = (
				477AD34A2A9CC81D00524D86 /* MoviePreviewView.swift in Sources */,
				477AD3552A9CE03700524D86 /* DetailsView.swift in Sources */,
				477AD3442A9CBFF300524D86 /* MovieDetailView.swift in Sources */,
				477AD3482A9CC00B00524D86 /* MoviesViewModel.swift in Sources */,
				477AD3532A9CDFBA00524D86 /* DescriptionView.swift in Sources */,
				477AD3192A9CBFA100524D86 /* MovieListView.swift in Sources */,
				477AD3582A9CE33F00524D86 /* Array.swift in Sources */,
				477AD3462A9CC00300524D86 /* Movie.swift in Sources */,
				477AD3172A9CBFA100524D86 /* MovieListApp.swift in Sources */,
				477AD3512A9CDF3500524D86 /* MainInformationsView.swift in Sources */,
				477AD34C2A9CDD1B00524D86 /* TrailerWebView.swift in Sources */,
			);
			runOnlyForDeploymentPostprocessing = 0;
		};
		477AD31F2A9CBFA300524D86 /* Sources */ = {
			isa = PBXSourcesBuildPhase;
			buildActionMask = 2147483647;
			files = (
				477AD3282A9CBFA300524D86 /* MovieListTests.swift in Sources */,
			);
			runOnlyForDeploymentPostprocessing = 0;
		};
		477AD3292A9CBFA300524D86 /* Sources */ = {
			isa = PBXSourcesBuildPhase;
			buildActionMask = 2147483647;
			files = (
				477AD3322A9CBFA300524D86 /* MovieListUITests.swift in Sources */,
				477AD3342A9CBFA300524D86 /* MovieListUITestsLaunchTests.swift in Sources */,
			);
			runOnlyForDeploymentPostprocessing = 0;
		};
/* End PBXSourcesBuildPhase section */

/* Begin PBXTargetDependency section */
		477AD3252A9CBFA300524D86 /* PBXTargetDependency */ = {
			isa = PBXTargetDependency;
			target = 477AD3122A9CBFA100524D86 /* MovieList */;
			targetProxy = 477AD3242A9CBFA300524D86 /* PBXContainerItemProxy */;
		};
		477AD32F2A9CBFA300524D86 /* PBXTargetDependency */ = {
			isa = PBXTargetDependency;
			target = 477AD3122A9CBFA100524D86 /* MovieList */;
			targetProxy = 477AD32E2A9CBFA300524D86 /* PBXContainerItemProxy */;
		};
/* End PBXTargetDependency section */

/* Begin XCBuildConfiguration section */
		477AD3352A9CBFA300524D86 /* Debug */ = {
			isa = XCBuildConfiguration;
			buildSettings = {
				ALWAYS_SEARCH_USER_PATHS = NO;
				CLANG_ANALYZER_NONNULL = YES;
				CLANG_ANALYZER_NUMBER_OBJECT_CONVERSION = YES_AGGRESSIVE;
				CLANG_CXX_LANGUAGE_STANDARD = "gnu++20";
				CLANG_ENABLE_MODULES = YES;
				CLANG_ENABLE_OBJC_ARC = YES;
				CLANG_ENABLE_OBJC_WEAK = YES;
				CLANG_WARN_BLOCK_CAPTURE_AUTORELEASING = YES;
				CLANG_WARN_BOOL_CONVERSION = YES;
				CLANG_WARN_COMMA = YES;
				CLANG_WARN_CONSTANT_CONVERSION = YES;
				CLANG_WARN_DEPRECATED_OBJC_IMPLEMENTATIONS = YES;
				CLANG_WARN_DIRECT_OBJC_ISA_USAGE = YES_ERROR;
				CLANG_WARN_DOCUMENTATION_COMMENTS = YES;
				CLANG_WARN_EMPTY_BODY = YES;
				CLANG_WARN_ENUM_CONVERSION = YES;
				CLANG_WARN_INFINITE_RECURSION = YES;
				CLANG_WARN_INT_CONVERSION = YES;
				CLANG_WARN_NON_LITERAL_NULL_CONVERSION = YES;
				CLANG_WARN_OBJC_IMPLICIT_RETAIN_SELF = YES;
				CLANG_WARN_OBJC_LITERAL_CONVERSION = YES;
				CLANG_WARN_OBJC_ROOT_CLASS = YES_ERROR;
				CLANG_WARN_QUOTED_INCLUDE_IN_FRAMEWORK_HEADER = YES;
				CLANG_WARN_RANGE_LOOP_ANALYSIS = YES;
				CLANG_WARN_STRICT_PROTOTYPES = YES;
				CLANG_WARN_SUSPICIOUS_MOVE = YES;
				CLANG_WARN_UNGUARDED_AVAILABILITY = YES_AGGRESSIVE;
				CLANG_WARN_UNREACHABLE_CODE = YES;
				CLANG_WARN__DUPLICATE_METHOD_MATCH = YES;
				COPY_PHASE_STRIP = NO;
				DEBUG_INFORMATION_FORMAT = dwarf;
				ENABLE_STRICT_OBJC_MSGSEND = YES;
				ENABLE_TESTABILITY = YES;
				GCC_C_LANGUAGE_STANDARD = gnu11;
				GCC_DYNAMIC_NO_PIC = NO;
				GCC_NO_COMMON_BLOCKS = YES;
				GCC_OPTIMIZATION_LEVEL = 0;
				GCC_PREPROCESSOR_DEFINITIONS = (
					"DEBUG=1",
					"$(inherited)",
				);
				GCC_WARN_64_TO_32_BIT_CONVERSION = YES;
				GCC_WARN_ABOUT_RETURN_TYPE = YES_ERROR;
				GCC_WARN_UNDECLARED_SELECTOR = YES;
				GCC_WARN_UNINITIALIZED_AUTOS = YES_AGGRESSIVE;
				GCC_WARN_UNUSED_FUNCTION = YES;
				GCC_WARN_UNUSED_VARIABLE = YES;
				IPHONEOS_DEPLOYMENT_TARGET = 16.4;
				MTL_ENABLE_DEBUG_INFO = INCLUDE_SOURCE;
				MTL_FAST_MATH = YES;
				ONLY_ACTIVE_ARCH = YES;
				SDKROOT = iphoneos;
				SWIFT_ACTIVE_COMPILATION_CONDITIONS = DEBUG;
				SWIFT_OPTIMIZATION_LEVEL = "-Onone";
			};
			name = Debug;
		};
		477AD3362A9CBFA300524D86 /* Release */ = {
			isa = XCBuildConfiguration;
			buildSettings = {
				ALWAYS_SEARCH_USER_PATHS = NO;
				CLANG_ANALYZER_NONNULL = YES;
				CLANG_ANALYZER_NUMBER_OBJECT_CONVERSION = YES_AGGRESSIVE;
				CLANG_CXX_LANGUAGE_STANDARD = "gnu++20";
				CLANG_ENABLE_MODULES = YES;
				CLANG_ENABLE_OBJC_ARC = YES;
				CLANG_ENABLE_OBJC_WEAK = YES;
				CLANG_WARN_BLOCK_CAPTURE_AUTORELEASING = YES;
				CLANG_WARN_BOOL_CONVERSION = YES;
				CLANG_WARN_COMMA = YES;
				CLANG_WARN_CONSTANT_CONVERSION = YES;
				CLANG_WARN_DEPRECATED_OBJC_IMPLEMENTATIONS = YES;
				CLANG_WARN_DIRECT_OBJC_ISA_USAGE = YES_ERROR;
				CLANG_WARN_DOCUMENTATION_COMMENTS = YES;
				CLANG_WARN_EMPTY_BODY = YES;
				CLANG_WARN_ENUM_CONVERSION = YES;
				CLANG_WARN_INFINITE_RECURSION = YES;
				CLANG_WARN_INT_CONVERSION = YES;
				CLANG_WARN_NON_LITERAL_NULL_CONVERSION = YES;
				CLANG_WARN_OBJC_IMPLICIT_RETAIN_SELF = YES;
				CLANG_WARN_OBJC_LITERAL_CONVERSION = YES;
				CLANG_WARN_OBJC_ROOT_CLASS = YES_ERROR;
				CLANG_WARN_QUOTED_INCLUDE_IN_FRAMEWORK_HEADER = YES;
				CLANG_WARN_RANGE_LOOP_ANALYSIS = YES;
				CLANG_WARN_STRICT_PROTOTYPES = YES;
				CLANG_WARN_SUSPICIOUS_MOVE = YES;
				CLANG_WARN_UNGUARDED_AVAILABILITY = YES_AGGRESSIVE;
				CLANG_WARN_UNREACHABLE_CODE = YES;
				CLANG_WARN__DUPLICATE_METHOD_MATCH = YES;
				COPY_PHASE_STRIP = NO;
				DEBUG_INFORMATION_FORMAT = "dwarf-with-dsym";
				ENABLE_NS_ASSERTIONS = NO;
				ENABLE_STRICT_OBJC_MSGSEND = YES;
				GCC_C_LANGUAGE_STANDARD = gnu11;
				GCC_NO_COMMON_BLOCKS = YES;
				GCC_WARN_64_TO_32_BIT_CONVERSION = YES;
				GCC_WARN_ABOUT_RETURN_TYPE = YES_ERROR;
				GCC_WARN_UNDECLARED_SELECTOR = YES;
				GCC_WARN_UNINITIALIZED_AUTOS = YES_AGGRESSIVE;
				GCC_WARN_UNUSED_FUNCTION = YES;
				GCC_WARN_UNUSED_VARIABLE = YES;
				IPHONEOS_DEPLOYMENT_TARGET = 16.4;
				MTL_ENABLE_DEBUG_INFO = NO;
				MTL_FAST_MATH = YES;
				SDKROOT = iphoneos;
				SWIFT_COMPILATION_MODE = wholemodule;
				SWIFT_OPTIMIZATION_LEVEL = "-O";
				VALIDATE_PRODUCT = YES;
			};
			name = Release;
		};
		477AD3382A9CBFA300524D86 /* Debug */ = {
			isa = XCBuildConfiguration;
			buildSettings = {
				ASSETCATALOG_COMPILER_APPICON_NAME = AppIcon;
				ASSETCATALOG_COMPILER_GLOBAL_ACCENT_COLOR_NAME = AccentColor;
				CODE_SIGN_STYLE = Automatic;
				CURRENT_PROJECT_VERSION = 1;
				DEVELOPMENT_ASSET_PATHS = "\"MovieList/Preview Content\"";
				DEVELOPMENT_TEAM = 6268FDJSTY;
				ENABLE_PREVIEWS = YES;
				GENERATE_INFOPLIST_FILE = YES;
				INFOPLIST_KEY_UIApplicationSceneManifest_Generation = YES;
				INFOPLIST_KEY_UIApplicationSupportsIndirectInputEvents = YES;
				INFOPLIST_KEY_UILaunchScreen_Generation = YES;
				INFOPLIST_KEY_UISupportedInterfaceOrientations_iPad = "UIInterfaceOrientationPortrait UIInterfaceOrientationPortraitUpsideDown UIInterfaceOrientationLandscapeLeft UIInterfaceOrientationLandscapeRight";
				INFOPLIST_KEY_UISupportedInterfaceOrientations_iPhone = "UIInterfaceOrientationPortrait UIInterfaceOrientationLandscapeLeft UIInterfaceOrientationLandscapeRight";
				LD_RUNPATH_SEARCH_PATHS = (
					"$(inherited)",
					"@executable_path/Frameworks",
				);
				MARKETING_VERSION = 1.0;
				PRODUCT_BUNDLE_IDENTIFIER = com.app..MovieList;
				PRODUCT_NAME = "$(TARGET_NAME)";
				SWIFT_EMIT_LOC_STRINGS = YES;
				SWIFT_VERSION = 5.0;
				TARGETED_DEVICE_FAMILY = "1,2";
			};
			name = Debug;
		};
		477AD3392A9CBFA300524D86 /* Release */ = {
			isa = XCBuildConfiguration;
			buildSettings = {
				ASSETCATALOG_COMPILER_APPICON_NAME = AppIcon;
				ASSETCATALOG_COMPILER_GLOBAL_ACCENT_COLOR_NAME = AccentColor;
				CODE_SIGN_STYLE = Automatic;
				CURRENT_PROJECT_VERSION = 1;
				DEVELOPMENT_ASSET_PATHS = "\"MovieList/Preview Content\"";
				DEVELOPMENT_TEAM = 6268FDJSTY;
				ENABLE_PREVIEWS = YES;
				GENERATE_INFOPLIST_FILE = YES;
				INFOPLIST_KEY_UIApplicationSceneManifest_Generation = YES;
				INFOPLIST_KEY_UIApplicationSupportsIndirectInputEvents = YES;
				INFOPLIST_KEY_UILaunchScreen_Generation = YES;
				INFOPLIST_KEY_UISupportedInterfaceOrientations_iPad = "UIInterfaceOrientationPortrait UIInterfaceOrientationPortraitUpsideDown UIInterfaceOrientationLandscapeLeft UIInterfaceOrientationLandscapeRight";
				INFOPLIST_KEY_UISupportedInterfaceOrientations_iPhone = "UIInterfaceOrientationPortrait UIInterfaceOrientationLandscapeLeft UIInterfaceOrientationLandscapeRight";
				LD_RUNPATH_SEARCH_PATHS = (
					"$(inherited)",
					"@executable_path/Frameworks",
				);
				MARKETING_VERSION = 1.0;
				PRODUCT_BUNDLE_IDENTIFIER = com.app..MovieList;
				PRODUCT_NAME = "$(TARGET_NAME)";
				SWIFT_EMIT_LOC_STRINGS = YES;
				SWIFT_VERSION = 5.0;
				TARGETED_DEVICE_FAMILY = "1,2";
			};
			name = Release;
		};
		477AD33B2A9CBFA300524D86 /* Debug */ = {
			isa = XCBuildConfiguration;
			buildSettings = {
				ALWAYS_EMBED_SWIFT_STANDARD_LIBRARIES = YES;
				BUNDLE_LOADER = "$(TEST_HOST)";
				CODE_SIGN_STYLE = Automatic;
				CURRENT_PROJECT_VERSION = 1;
				DEVELOPMENT_TEAM = 6268FDJSTY;
				GENERATE_INFOPLIST_FILE = YES;
				IPHONEOS_DEPLOYMENT_TARGET = 16.4;
				MARKETING_VERSION = 1.0;
				PRODUCT_BUNDLE_IDENTIFIER = com.app..MovieListTests;
				PRODUCT_NAME = "$(TARGET_NAME)";
				SWIFT_EMIT_LOC_STRINGS = NO;
				SWIFT_VERSION = 5.0;
				TARGETED_DEVICE_FAMILY = "1,2";
				TEST_HOST = "$(BUILT_PRODUCTS_DIR)/MovieList.app/$(BUNDLE_EXECUTABLE_FOLDER_PATH)/MovieList";
			};
			name = Debug;
		};
		477AD33C2A9CBFA300524D86 /* Release */ = {
			isa = XCBuildConfiguration;
			buildSettings = {
				ALWAYS_EMBED_SWIFT_STANDARD_LIBRARIES = YES;
				BUNDLE_LOADER = "$(TEST_HOST)";
				CODE_SIGN_STYLE = Automatic;
				CURRENT_PROJECT_VERSION = 1;
				DEVELOPMENT_TEAM = 6268FDJSTY;
				GENERATE_INFOPLIST_FILE = YES;
				IPHONEOS_DEPLOYMENT_TARGET = 16.4;
				MARKETING_VERSION = 1.0;
				PRODUCT_BUNDLE_IDENTIFIER = com.app..MovieListTests;
				PRODUCT_NAME = "$(TARGET_NAME)";
				SWIFT_EMIT_LOC_STRINGS = NO;
				SWIFT_VERSION = 5.0;
				TARGETED_DEVICE_FAMILY = "1,2";
				TEST_HOST = "$(BUILT_PRODUCTS_DIR)/MovieList.app/$(BUNDLE_EXECUTABLE_FOLDER_PATH)/MovieList";
			};
			name = Release;
		};
		477AD33E2A9CBFA300524D86 /* Debug */ = {
			isa = XCBuildConfiguration;
			buildSettings = {
				ALWAYS_EMBED_SWIFT_STANDARD_LIBRARIES = YES;
				CODE_SIGN_STYLE = Automatic;
				CURRENT_PROJECT_VERSION = 1;
				DEVELOPMENT_TEAM = 6268FDJSTY;
				GENERATE_INFOPLIST_FILE = YES;
				MARKETING_VERSION = 1.0;
				PRODUCT_BUNDLE_IDENTIFIER = com.app..MovieListUITests;
				PRODUCT_NAME = "$(TARGET_NAME)";
				SWIFT_EMIT_LOC_STRINGS = NO;
				SWIFT_VERSION = 5.0;
				TARGETED_DEVICE_FAMILY = "1,2";
				TEST_TARGET_NAME = MovieList;
			};
			name = Debug;
		};
		477AD33F2A9CBFA300524D86 /* Release */ = {
			isa = XCBuildConfiguration;
			buildSettings = {
				ALWAYS_EMBED_SWIFT_STANDARD_LIBRARIES = YES;
				CODE_SIGN_STYLE = Automatic;
				CURRENT_PROJECT_VERSION = 1;
				DEVELOPMENT_TEAM = 6268FDJSTY;
				GENERATE_INFOPLIST_FILE = YES;
				MARKETING_VERSION = 1.0;
				PRODUCT_BUNDLE_IDENTIFIER = com.app..MovieListUITests;
				PRODUCT_NAME = "$(TARGET_NAME)";
				SWIFT_EMIT_LOC_STRINGS = NO;
				SWIFT_VERSION = 5.0;
				TARGETED_DEVICE_FAMILY = "1,2";
				TEST_TARGET_NAME = MovieList;
			};
			name = Release;
		};
/* End XCBuildConfiguration section */

/* Begin XCConfigurationList section */
		477AD30E2A9CBFA100524D86 /* Build configuration list for PBXProject "MovieList" */ = {
			isa = XCConfigurationList;
			buildConfigurations = (
				477AD3352A9CBFA300524D86 /* Debug */,
				477AD3362A9CBFA300524D86 /* Release */,
			);
			defaultConfigurationIsVisible = 0;
			defaultConfigurationName = Release;
		};
		477AD3372A9CBFA300524D86 /* Build configuration list for PBXNativeTarget "MovieList" */ = {
			isa = XCConfigurationList;
			buildConfigurations = (
				477AD3382A9CBFA300524D86 /* Debug */,
				477AD3392A9CBFA300524D86 /* Release */,
			);
			defaultConfigurationIsVisible = 0;
			defaultConfigurationName = Release;
		};
		477AD33A2A9CBFA300524D86 /* Build configuration list for PBXNativeTarget "MovieListTests" */ = {
			isa = XCConfigurationList;
			buildConfigurations = (
				477AD33B2A9CBFA300524D86 /* Debug */,
				477AD33C2A9CBFA300524D86 /* Release */,
			);
			defaultConfigurationIsVisible = 0;
			defaultConfigurationName = Release;
		};
		477AD33D2A9CBFA300524D86 /* Build configuration list for PBXNativeTarget "MovieListUITests" */ = {
			isa = XCConfigurationList;
			buildConfigurations = (
				477AD33E2A9CBFA300524D86 /* Debug */,
				477AD33F2A9CBFA300524D86 /* Release */,
			);
			defaultConfigurationIsVisible = 0;
			defaultConfigurationName = Release;
		};
/* End XCConfigurationList section */
	};
	rootObject = 477AD30B2A9CBFA100524D86 /* Project object */;
}
